// !$*UTF8*$!
{
	archiveVersion = 1;
	classes = {
	};
	objectVersion = 50;
	objects = {

/* Begin PBXBuildFile section */
		76AA3BD0F71FA445B9B3A5AF /* Pods_Aldo_Test.framework in Frameworks */ = {isa = PBXBuildFile; fileRef = 431170A785A54591CFED50A5 /* Pods_Aldo_Test.framework */; };
		DC265AB820A9D42F00169330 /* AppDelegate.swift in Sources */ = {isa = PBXBuildFile; fileRef = DC265AB720A9D42F00169330 /* AppDelegate.swift */; };
		DC265ABA20A9D42F00169330 /* ViewController.swift in Sources */ = {isa = PBXBuildFile; fileRef = DC265AB920A9D42F00169330 /* ViewController.swift */; };
		DC265ABD20A9D42F00169330 /* Main.storyboard in Resources */ = {isa = PBXBuildFile; fileRef = DC265ABB20A9D42F00169330 /* Main.storyboard */; };
		DC265ABF20A9D43000169330 /* Assets.xcassets in Resources */ = {isa = PBXBuildFile; fileRef = DC265ABE20A9D43000169330 /* Assets.xcassets */; };
		DC265AC220A9D43000169330 /* LaunchScreen.storyboard in Resources */ = {isa = PBXBuildFile; fileRef = DC265AC020A9D43000169330 /* LaunchScreen.storyboard */; };
		DC265ACA20AB03A300169330 /* GitHubAPIManager.swift in Sources */ = {isa = PBXBuildFile; fileRef = DC265AC920AB03A300169330 /* GitHubAPIManager.swift */; };
		DC265ACC20AB34A900169330 /* Repo.swift in Sources */ = {isa = PBXBuildFile; fileRef = DC265ACB20AB34A900169330 /* Repo.swift */; };
		DC265ACF20AC898F00169330 /* RepoTableViewCell.swift in Sources */ = {isa = PBXBuildFile; fileRef = DC265ACD20AC898F00169330 /* RepoTableViewCell.swift */; };
		DC265AD020AC898F00169330 /* RepoTableViewCell.xib in Resources */ = {isa = PBXBuildFile; fileRef = DC265ACE20AC898F00169330 /* RepoTableViewCell.xib */; };
		DC265AD220AE1AF300169330 /* RepoBranchesViewController.swift in Sources */ = {isa = PBXBuildFile; fileRef = DC265AD120AE1AF300169330 /* RepoBranchesViewController.swift */; };
		DC265AD520AE217A00169330 /* RepoBranchesTableViewCell.swift in Sources */ = {isa = PBXBuildFile; fileRef = DC265AD320AE217A00169330 /* RepoBranchesTableViewCell.swift */; };
		DC265AD620AE217A00169330 /* RepoBranchesTableViewCell.xib in Resources */ = {isa = PBXBuildFile; fileRef = DC265AD420AE217A00169330 /* RepoBranchesTableViewCell.xib */; };
		DC265AD820B05C0300169330 /* BranchPRViewController.swift in Sources */ = {isa = PBXBuildFile; fileRef = DC265AD720B05C0300169330 /* BranchPRViewController.swift */; };
		DC265ADB20B061DF00169330 /* BranchPRTableViewCell.swift in Sources */ = {isa = PBXBuildFile; fileRef = DC265AD920B061DF00169330 /* BranchPRTableViewCell.swift */; };
		DC265ADC20B061DF00169330 /* BranchPRTableViewCell.xib in Resources */ = {isa = PBXBuildFile; fileRef = DC265ADA20B061DF00169330 /* BranchPRTableViewCell.xib */; };
/* End PBXBuildFile section */

/* Begin PBXFileReference section */
		431170A785A54591CFED50A5 /* Pods_Aldo_Test.framework */ = {isa = PBXFileReference; explicitFileType = wrapper.framework; includeInIndex = 0; path = Pods_Aldo_Test.framework; sourceTree = BUILT_PRODUCTS_DIR; };
		4DC11C300E4FC70A685602CF /* Pods-Aldo_Test.release.xcconfig */ = {isa = PBXFileReference; includeInIndex = 1; lastKnownFileType = text.xcconfig; name = "Pods-Aldo_Test.release.xcconfig"; path = "Pods/Target Support Files/Pods-Aldo_Test/Pods-Aldo_Test.release.xcconfig"; sourceTree = "<group>"; };
		7EE72A30F0F329BCCFB7069D /* Pods-Aldo_Test.debug.xcconfig */ = {isa = PBXFileReference; includeInIndex = 1; lastKnownFileType = text.xcconfig; name = "Pods-Aldo_Test.debug.xcconfig"; path = "Pods/Target Support Files/Pods-Aldo_Test/Pods-Aldo_Test.debug.xcconfig"; sourceTree = "<group>"; };
		DC265AB420A9D42F00169330 /* Aldo_Test.app */ = {isa = PBXFileReference; explicitFileType = wrapper.application; includeInIndex = 0; path = Aldo_Test.app; sourceTree = BUILT_PRODUCTS_DIR; };
		DC265AB720A9D42F00169330 /* AppDelegate.swift */ = {isa = PBXFileReference; lastKnownFileType = sourcecode.swift; path = AppDelegate.swift; sourceTree = "<group>"; };
		DC265AB920A9D42F00169330 /* ViewController.swift */ = {isa = PBXFileReference; lastKnownFileType = sourcecode.swift; path = ViewController.swift; sourceTree = "<group>"; };
		DC265ABC20A9D42F00169330 /* Base */ = {isa = PBXFileReference; lastKnownFileType = file.storyboard; name = Base; path = Base.lproj/Main.storyboard; sourceTree = "<group>"; };
		DC265ABE20A9D43000169330 /* Assets.xcassets */ = {isa = PBXFileReference; lastKnownFileType = folder.assetcatalog; path = Assets.xcassets; sourceTree = "<group>"; };
		DC265AC120A9D43000169330 /* Base */ = {isa = PBXFileReference; lastKnownFileType = file.storyboard; name = Base; path = Base.lproj/LaunchScreen.storyboard; sourceTree = "<group>"; };
		DC265AC320A9D43000169330 /* Info.plist */ = {isa = PBXFileReference; lastKnownFileType = text.plist.xml; path = Info.plist; sourceTree = "<group>"; };
		DC265AC920AB03A300169330 /* GitHubAPIManager.swift */ = {isa = PBXFileReference; lastKnownFileType = sourcecode.swift; path = GitHubAPIManager.swift; sourceTree = "<group>"; };
		DC265ACB20AB34A900169330 /* Repo.swift */ = {isa = PBXFileReference; lastKnownFileType = sourcecode.swift; path = Repo.swift; sourceTree = "<group>"; };
		DC265ACD20AC898F00169330 /* RepoTableViewCell.swift */ = {isa = PBXFileReference; lastKnownFileType = sourcecode.swift; path = RepoTableViewCell.swift; sourceTree = "<group>"; };
		DC265ACE20AC898F00169330 /* RepoTableViewCell.xib */ = {isa = PBXFileReference; lastKnownFileType = file.xib; path = RepoTableViewCell.xib; sourceTree = "<group>"; };
		DC265AD120AE1AF300169330 /* RepoBranchesViewController.swift */ = {isa = PBXFileReference; lastKnownFileType = sourcecode.swift; path = RepoBranchesViewController.swift; sourceTree = "<group>"; };
		DC265AD320AE217A00169330 /* RepoBranchesTableViewCell.swift */ = {isa = PBXFileReference; lastKnownFileType = sourcecode.swift; path = RepoBranchesTableViewCell.swift; sourceTree = "<group>"; };
		DC265AD420AE217A00169330 /* RepoBranchesTableViewCell.xib */ = {isa = PBXFileReference; lastKnownFileType = file.xib; path = RepoBranchesTableViewCell.xib; sourceTree = "<group>"; };
		DC265AD720B05C0300169330 /* BranchPRViewController.swift */ = {isa = PBXFileReference; lastKnownFileType = sourcecode.swift; path = BranchPRViewController.swift; sourceTree = "<group>"; };
		DC265AD920B061DF00169330 /* BranchPRTableViewCell.swift */ = {isa = PBXFileReference; lastKnownFileType = sourcecode.swift; path = BranchPRTableViewCell.swift; sourceTree = "<group>"; };
		DC265ADA20B061DF00169330 /* BranchPRTableViewCell.xib */ = {isa = PBXFileReference; lastKnownFileType = file.xib; path = BranchPRTableViewCell.xib; sourceTree = "<group>"; };
/* End PBXFileReference section */

/* Begin PBXFrameworksBuildPhase section */
		DC265AB120A9D42F00169330 /* Frameworks */ = {
			isa = PBXFrameworksBuildPhase;
			buildActionMask = 2147483647;
			files = (
				76AA3BD0F71FA445B9B3A5AF /* Pods_Aldo_Test.framework in Frameworks */,
			);
			runOnlyForDeploymentPostprocessing = 0;
		};
/* End PBXFrameworksBuildPhase section */

/* Begin PBXGroup section */
		46D79F41E6571D2CFFC3D489 /* Frameworks */ = {
			isa = PBXGroup;
			children = (
				431170A785A54591CFED50A5 /* Pods_Aldo_Test.framework */,
			);
			name = Frameworks;
			sourceTree = "<group>";
		};
		DC265AAB20A9D42F00169330 = {
			isa = PBXGroup;
			children = (
				DC265AB620A9D42F00169330 /* Aldo_Test */,
				DC265AB520A9D42F00169330 /* Products */,
				FE909F1B4ABBD56C39683D94 /* Pods */,
				46D79F41E6571D2CFFC3D489 /* Frameworks */,
			);
			sourceTree = "<group>";
		};
		DC265AB520A9D42F00169330 /* Products */ = {
			isa = PBXGroup;
			children = (
				DC265AB420A9D42F00169330 /* Aldo_Test.app */,
			);
			name = Products;
			sourceTree = "<group>";
		};
		DC265AB620A9D42F00169330 /* Aldo_Test */ = {
			isa = PBXGroup;
			children = (
				DC265AB720A9D42F00169330 /* AppDelegate.swift */,
				DC265AB920A9D42F00169330 /* ViewController.swift */,
				DC265AD320AE217A00169330 /* RepoBranchesTableViewCell.swift */,
				DC265AD420AE217A00169330 /* RepoBranchesTableViewCell.xib */,
				DC265ACB20AB34A900169330 /* Repo.swift */,
				DC265AD120AE1AF300169330 /* RepoBranchesViewController.swift */,
				DC265AD720B05C0300169330 /* BranchPRViewController.swift */,
				DC265AD920B061DF00169330 /* BranchPRTableViewCell.swift */,
				DC265ADA20B061DF00169330 /* BranchPRTableViewCell.xib */,
				DC265ACD20AC898F00169330 /* RepoTableViewCell.swift */,
				DC265ACE20AC898F00169330 /* RepoTableViewCell.xib */,
				DC265AC920AB03A300169330 /* GitHubAPIManager.swift */,
				DC265ABB20A9D42F00169330 /* Main.storyboard */,
				DC265ABE20A9D43000169330 /* Assets.xcassets */,
				DC265AC020A9D43000169330 /* LaunchScreen.storyboard */,
				DC265AC320A9D43000169330 /* Info.plist */,
			);
			path = Aldo_Test;
			sourceTree = "<group>";
		};
		FE909F1B4ABBD56C39683D94 /* Pods */ = {
			isa = PBXGroup;
			children = (
				7EE72A30F0F329BCCFB7069D /* Pods-Aldo_Test.debug.xcconfig */,
				4DC11C300E4FC70A685602CF /* Pods-Aldo_Test.release.xcconfig */,
			);
			name = Pods;
			sourceTree = "<group>";
		};
/* End PBXGroup section */

/* Begin PBXNativeTarget section */
		DC265AB320A9D42F00169330 /* Aldo_Test */ = {
			isa = PBXNativeTarget;
			buildConfigurationList = DC265AC620A9D43000169330 /* Build configuration list for PBXNativeTarget "Aldo_Test" */;
			buildPhases = (
				6C6815F290465772E32E460B /* [CP] Check Pods Manifest.lock */,
				DC265AB020A9D42F00169330 /* Sources */,
				DC265AB120A9D42F00169330 /* Frameworks */,
				DC265AB220A9D42F00169330 /* Resources */,
				30444AF668C9882A2338E807 /* [CP] Embed Pods Frameworks */,
			);
			buildRules = (
			);
			dependencies = (
			);
			name = Aldo_Test;
			productName = Aldo_Test;
			productReference = DC265AB420A9D42F00169330 /* Aldo_Test.app */;
			productType = "com.apple.product-type.application";
		};
/* End PBXNativeTarget section */

/* Begin PBXProject section */
		DC265AAC20A9D42F00169330 /* Project object */ = {
			isa = PBXProject;
			attributes = {
				LastSwiftUpdateCheck = 0930;
				LastUpgradeCheck = 0930;
				ORGANIZATIONNAME = "FoG Développement Mobile Inc.";
				TargetAttributes = {
					DC265AB320A9D42F00169330 = {
						CreatedOnToolsVersion = 9.3.1;
					};
				};
			};
			buildConfigurationList = DC265AAF20A9D42F00169330 /* Build configuration list for PBXProject "Aldo_Test" */;
			compatibilityVersion = "Xcode 9.3";
			developmentRegion = en;
			hasScannedForEncodings = 0;
			knownRegions = (
				en,
				Base,
			);
			mainGroup = DC265AAB20A9D42F00169330;
			productRefGroup = DC265AB520A9D42F00169330 /* Products */;
			projectDirPath = "";
			projectRoot = "";
			targets = (
				DC265AB320A9D42F00169330 /* Aldo_Test */,
			);
		};
/* End PBXProject section */

/* Begin PBXResourcesBuildPhase section */
		DC265AB220A9D42F00169330 /* Resources */ = {
			isa = PBXResourcesBuildPhase;
			buildActionMask = 2147483647;
			files = (
				DC265AC220A9D43000169330 /* LaunchScreen.storyboard in Resources */,
				DC265ABF20A9D43000169330 /* Assets.xcassets in Resources */,
				DC265ABD20A9D42F00169330 /* Main.storyboard in Resources */,
				DC265AD620AE217A00169330 /* RepoBranchesTableViewCell.xib in Resources */,
				DC265AD020AC898F00169330 /* RepoTableViewCell.xib in Resources */,
				DC265ADC20B061DF00169330 /* BranchPRTableViewCell.xib in Resources */,
			);
			runOnlyForDeploymentPostprocessing = 0;
		};
/* End PBXResourcesBuildPhase section */

/* Begin PBXShellScriptBuildPhase section */
		30444AF668C9882A2338E807 /* [CP] Embed Pods Frameworks */ = {
			isa = PBXShellScriptBuildPhase;
			buildActionMask = 2147483647;
			files = (
			);
			inputPaths = (
				"${SRCROOT}/Pods/Target Support Files/Pods-Aldo_Test/Pods-Aldo_Test-frameworks.sh",
				"${BUILT_PRODUCTS_DIR}/Alamofire/Alamofire.framework",
				"${BUILT_PRODUCTS_DIR}/Locksmith/Locksmith.framework",
				"${BUILT_PRODUCTS_DIR}/SwiftyJSON/SwiftyJSON.framework",
			);
			name = "[CP] Embed Pods Frameworks";
			outputPaths = (
				"${TARGET_BUILD_DIR}/${FRAMEWORKS_FOLDER_PATH}/Alamofire.framework",
				"${TARGET_BUILD_DIR}/${FRAMEWORKS_FOLDER_PATH}/Locksmith.framework",
				"${TARGET_BUILD_DIR}/${FRAMEWORKS_FOLDER_PATH}/SwiftyJSON.framework",
			);
			runOnlyForDeploymentPostprocessing = 0;
			shellPath = /bin/sh;
			shellScript = "\"${SRCROOT}/Pods/Target Support Files/Pods-Aldo_Test/Pods-Aldo_Test-frameworks.sh\"\n";
			showEnvVarsInLog = 0;
		};
		6C6815F290465772E32E460B /* [CP] Check Pods Manifest.lock */ = {
			isa = PBXShellScriptBuildPhase;
			buildActionMask = 2147483647;
			files = (
			);
			inputPaths = (
				"${PODS_PODFILE_DIR_PATH}/Podfile.lock",
				"${PODS_ROOT}/Manifest.lock",
			);
			name = "[CP] Check Pods Manifest.lock";
			outputPaths = (
				"$(DERIVED_FILE_DIR)/Pods-Aldo_Test-checkManifestLockResult.txt",
			);
			runOnlyForDeploymentPostprocessing = 0;
			shellPath = /bin/sh;
			shellScript = "diff \"${PODS_PODFILE_DIR_PATH}/Podfile.lock\" \"${PODS_ROOT}/Manifest.lock\" > /dev/null\nif [ $? != 0 ] ; then\n    # print error to STDERR\n    echo \"error: The sandbox is not in sync with the Podfile.lock. Run 'pod install' or update your CocoaPods installation.\" >&2\n    exit 1\nfi\n# This output is used by Xcode 'outputs' to avoid re-running this script phase.\necho \"SUCCESS\" > \"${SCRIPT_OUTPUT_FILE_0}\"\n";
			showEnvVarsInLog = 0;
		};
/* End PBXShellScriptBuildPhase section */

/* Begin PBXSourcesBuildPhase section */
		DC265AB020A9D42F00169330 /* Sources */ = {
			isa = PBXSourcesBuildPhase;
			buildActionMask = 2147483647;
			files = (
				DC265ABA20A9D42F00169330 /* ViewController.swift in Sources */,
				DC265AB820A9D42F00169330 /* AppDelegate.swift in Sources */,
				DC265ADB20B061DF00169330 /* BranchPRTableViewCell.swift in Sources */,
				DC265ACA20AB03A300169330 /* GitHubAPIManager.swift in Sources */,
				DC265AD520AE217A00169330 /* RepoBranchesTableViewCell.swift in Sources */,
				DC265ACF20AC898F00169330 /* RepoTableViewCell.swift in Sources */,
				DC265AD220AE1AF300169330 /* RepoBranchesViewController.swift in Sources */,
				DC265AD820B05C0300169330 /* BranchPRViewController.swift in Sources */,
				DC265ACC20AB34A900169330 /* Repo.swift in Sources */,
			);
			runOnlyForDeploymentPostprocessing = 0;
		};
/* End PBXSourcesBuildPhase section */

/* Begin PBXVariantGroup section */
		DC265ABB20A9D42F00169330 /* Main.storyboard */ = {
			isa = PBXVariantGroup;
			children = (
				DC265ABC20A9D42F00169330 /* Base */,
			);
			name = Main.storyboard;
			sourceTree = "<group>";
		};
		DC265AC020A9D43000169330 /* LaunchScreen.storyboard */ = {
			isa = PBXVariantGroup;
			children = (
				DC265AC120A9D43000169330 /* Base */,
			);
			name = LaunchScreen.storyboard;
			sourceTree = "<group>";
		};
/* End PBXVariantGroup section */

/* Begin XCBuildConfiguration section */
		DC265AC420A9D43000169330 /* Debug */ = {
			isa = XCBuildConfiguration;
			buildSettings = {
				ALWAYS_SEARCH_USER_PATHS = NO;
				CLANG_ANALYZER_NONNULL = YES;
				CLANG_ANALYZER_NUMBER_OBJECT_CONVERSION = YES_AGGRESSIVE;
				CLANG_CXX_LANGUAGE_STANDARD = "gnu++14";
				CLANG_CXX_LIBRARY = "libc++";
				CLANG_ENABLE_MODULES = YES;
				CLANG_ENABLE_OBJC_ARC = YES;
				CLANG_ENABLE_OBJC_WEAK = YES;
				CLANG_WARN_BLOCK_CAPTURE_AUTORELEASING = YES;
				CLANG_WARN_BOOL_CONVERSION = YES;
				CLANG_WARN_COMMA = YES;
				CLANG_WARN_CONSTANT_CONVERSION = YES;
				CLANG_WARN_DEPRECATED_OBJC_IMPLEMENTATIONS = YES;
				CLANG_WARN_DIRECT_OBJC_ISA_USAGE = YES_ERROR;
				CLANG_WARN_DOCUMENTATION_COMMENTS = YES;
				CLANG_WARN_EMPTY_BODY = YES;
				CLANG_WARN_ENUM_CONVERSION = YES;
				CLANG_WARN_INFINITE_RECURSION = YES;
				CLANG_WARN_INT_CONVERSION = YES;
				CLANG_WARN_NON_LITERAL_NULL_CONVERSION = YES;
				CLANG_WARN_OBJC_IMPLICIT_RETAIN_SELF = YES;
				CLANG_WARN_OBJC_LITERAL_CONVERSION = YES;
				CLANG_WARN_OBJC_ROOT_CLASS = YES_ERROR;
				CLANG_WARN_RANGE_LOOP_ANALYSIS = YES;
				CLANG_WARN_STRICT_PROTOTYPES = YES;
				CLANG_WARN_SUSPICIOUS_MOVE = YES;
				CLANG_WARN_UNGUARDED_AVAILABILITY = YES_AGGRESSIVE;
				CLANG_WARN_UNREACHABLE_CODE = YES;
				CLANG_WARN__DUPLICATE_METHOD_MATCH = YES;
				CODE_SIGN_IDENTITY = "iPhone Developer";
				COPY_PHASE_STRIP = NO;
				DEBUG_INFORMATION_FORMAT = dwarf;
				ENABLE_STRICT_OBJC_MSGSEND = YES;
				ENABLE_TESTABILITY = YES;
				GCC_C_LANGUAGE_STANDARD = gnu11;
				GCC_DYNAMIC_NO_PIC = NO;
				GCC_NO_COMMON_BLOCKS = YES;
				GCC_OPTIMIZATION_LEVEL = 0;
				GCC_PREPROCESSOR_DEFINITIONS = (
					"DEBUG=1",
					"$(inherited)",
				);
				GCC_WARN_64_TO_32_BIT_CONVERSION = YES;
				GCC_WARN_ABOUT_RETURN_TYPE = YES_ERROR;
				GCC_WARN_UNDECLARED_SELECTOR = YES;
				GCC_WARN_UNINITIALIZED_AUTOS = YES_AGGRESSIVE;
				GCC_WARN_UNUSED_FUNCTION = YES;
				GCC_WARN_UNUSED_VARIABLE = YES;
				IPHONEOS_DEPLOYMENT_TARGET = 11.3;
				MTL_ENABLE_DEBUG_INFO = YES;
				ONLY_ACTIVE_ARCH = YES;
				SDKROOT = iphoneos;
				SWIFT_ACTIVE_COMPILATION_CONDITIONS = DEBUG;
				SWIFT_OPTIMIZATION_LEVEL = "-Onone";
			};
			name = Debug;
		};
		DC265AC520A9D43000169330 /* Release */ = {
			isa = XCBuildConfiguration;
			buildSettings = {
				ALWAYS_SEARCH_USER_PATHS = NO;
				CLANG_ANALYZER_NONNULL = YES;
				CLANG_ANALYZER_NUMBER_OBJECT_CONVERSION = YES_AGGRESSIVE;
				CLANG_CXX_LANGUAGE_STANDARD = "gnu++14";
				CLANG_CXX_LIBRARY = "libc++";
				CLANG_ENABLE_MODULES = YES;
				CLANG_ENABLE_OBJC_ARC = YES;
				CLANG_ENABLE_OBJC_WEAK = YES;
				CLANG_WARN_BLOCK_CAPTURE_AUTORELEASING = YES;
				CLANG_WARN_BOOL_CONVERSION = YES;
				CLANG_WARN_COMMA = YES;
				CLANG_WARN_CONSTANT_CONVERSION = YES;
				CLANG_WARN_DEPRECATED_OBJC_IMPLEMENTATIONS = YES;
				CLANG_WARN_DIRECT_OBJC_ISA_USAGE = YES_ERROR;
				CLANG_WARN_DOCUMENTATION_COMMENTS = YES;
				CLANG_WARN_EMPTY_BODY = YES;
				CLANG_WARN_ENUM_CONVERSION = YES;
				CLANG_WARN_INFINITE_RECURSION = YES;
				CLANG_WARN_INT_CONVERSION = YES;
				CLANG_WARN_NON_LITERAL_NULL_CONVERSION = YES;
				CLANG_WARN_OBJC_IMPLICIT_RETAIN_SELF = YES;
				CLANG_WARN_OBJC_LITERAL_CONVERSION = YES;
				CLANG_WARN_OBJC_ROOT_CLASS = YES_ERROR;
				CLANG_WARN_RANGE_LOOP_ANALYSIS = YES;
				CLANG_WARN_STRICT_PROTOTYPES = YES;
				CLANG_WARN_SUSPICIOUS_MOVE = YES;
				CLANG_WARN_UNGUARDED_AVAILABILITY = YES_AGGRESSIVE;
				CLANG_WARN_UNREACHABLE_CODE = YES;
				CLANG_WARN__DUPLICATE_METHOD_MATCH = YES;
				CODE_SIGN_IDENTITY = "iPhone Developer";
				COPY_PHASE_STRIP = NO;
				DEBUG_INFORMATION_FORMAT = "dwarf-with-dsym";
				ENABLE_NS_ASSERTIONS = NO;
				ENABLE_STRICT_OBJC_MSGSEND = YES;
				GCC_C_LANGUAGE_STANDARD = gnu11;
				GCC_NO_COMMON_BLOCKS = YES;
				GCC_WARN_64_TO_32_BIT_CONVERSION = YES;
				GCC_WARN_ABOUT_RETURN_TYPE = YES_ERROR;
				GCC_WARN_UNDECLARED_SELECTOR = YES;
				GCC_WARN_UNINITIALIZED_AUTOS = YES_AGGRESSIVE;
				GCC_WARN_UNUSED_FUNCTION = YES;
				GCC_WARN_UNUSED_VARIABLE = YES;
				IPHONEOS_DEPLOYMENT_TARGET = 11.3;
				MTL_ENABLE_DEBUG_INFO = NO;
				SDKROOT = iphoneos;
				SWIFT_COMPILATION_MODE = wholemodule;
				SWIFT_OPTIMIZATION_LEVEL = "-O";
				VALIDATE_PRODUCT = YES;
			};
			name = Release;
		};
		DC265AC720A9D43000169330 /* Debug */ = {
			isa = XCBuildConfiguration;
			baseConfigurationReference = 7EE72A30F0F329BCCFB7069D /* Pods-Aldo_Test.debug.xcconfig */;
			buildSettings = {
				ASSETCATALOG_COMPILER_APPICON_NAME = AppIcon;
				CODE_SIGN_STYLE = Automatic;
				DEVELOPMENT_TEAM = W46TRAF6KL;
				INFOPLIST_FILE = Aldo_Test/Info.plist;
				LD_RUNPATH_SEARCH_PATHS = (
					"$(inherited)",
					"@executable_path/Frameworks",
				);
				PRODUCT_BUNDLE_IDENTIFIER = "FoG.Software.Aldo-Test";
				PRODUCT_NAME = "$(TARGET_NAME)";
				SWIFT_VERSION = 4.0;
				TARGETED_DEVICE_FAMILY = "1,2";
			};
			name = Debug;
		};
		DC265AC820A9D43000169330 /* Release */ = {
			isa = XCBuildConfiguration;
			baseConfigurationReference = 4DC11C300E4FC70A685602CF /* Pods-Aldo_Test.release.xcconfig */;
			buildSettings = {
				ASSETCATALOG_COMPILER_APPICON_NAME = AppIcon;
				CODE_SIGN_STYLE = Automatic;
				DEVELOPMENT_TEAM = W46TRAF6KL;
				INFOPLIST_FILE = Aldo_Test/Info.plist;
				LD_RUNPATH_SEARCH_PATHS = (
					"$(inherited)",
					"@executable_path/Frameworks",
				);
				PRODUCT_BUNDLE_IDENTIFIER = "FoG.Software.Aldo-Test";
				PRODUCT_NAME = "$(TARGET_NAME)";
				SWIFT_VERSION = 4.0;
				TARGETED_DEVICE_FAMILY = "1,2";
			};
			name = Release;
		};
/* End XCBuildConfiguration section */

/* Begin XCConfigurationList section */
		DC265AAF20A9D42F00169330 /* Build configuration list for PBXProject "Aldo_Test" */ = {
			isa = XCConfigurationList;
			buildConfigurations = (
				DC265AC420A9D43000169330 /* Debug */,
				DC265AC520A9D43000169330 /* Release */,
			);
			defaultConfigurationIsVisible = 0;
			defaultConfigurationName = Release;
		};
		DC265AC620A9D43000169330 /* Build configuration list for PBXNativeTarget "Aldo_Test" */ = {
			isa = XCConfigurationList;
			buildConfigurations = (
				DC265AC720A9D43000169330 /* Debug */,
				DC265AC820A9D43000169330 /* Release */,
			);
			defaultConfigurationIsVisible = 0;
			defaultConfigurationName = Release;
		};
/* End XCConfigurationList section */
	};
	rootObject = DC265AAC20A9D42F00169330 /* Project object */;
}
